
Microsoft Visual Studio Solution File, Format Version 12.00
# Visual Studio Version 17
VisualStudioVersion = 17.5.002.0
MinimumVisualStudioVersion = 10.0.40219.1
Project("{9A19103F-16F7-4668-BE54-9A1E7A4F7556}") = "EntertaimentService", "EntertaimentService.csproj", "{20183676-0D6E-4CC8-8926-81410F367CD5}"
EndProject
Global
	GlobalSection(SolutionConfigurationPlatforms) = preSolution
		Debug|Any CPU = Debug|Any CPU
		Release|Any CPU = Release|Any CPU
	EndGlobalSection
	GlobalSection(ProjectConfigurationPlatforms) = postSolution
		{20183676-0D6E-4CC8-8926-81410F367CD5}.Debug|Any CPU.ActiveCfg = Debug|Any CPU
		{20183676-0D6E-4CC8-8926-81410F367CD5}.Debug|Any CPU.Build.0 = Debug|Any CPU
		{20183676-0D6E-4CC8-8926-81410F367CD5}.Release|Any CPU.ActiveCfg = Release|Any CPU
		{20183676-0D6E-4CC8-8926-81410F367CD5}.Release|Any CPU.Build.0 = Release|Any CPU
	EndGlobalSection
	GlobalSection(SolutionProperties) = preSolution
		HideSolutionNode = FALSE
	EndGlobalSection
	GlobalSection(ExtensibilityGlobals) = postSolution
		SolutionGuid = {F5DB2174-1802-4079-A5C0-2E89B343EDB9}
	EndGlobalSection
EndGlobal
