
Microsoft Visual Studio Solution File, Format Version 12.00
# Visual Studio Version 17
VisualStudioVersion = 17.5.002.0
MinimumVisualStudioVersion = 10.0.40219.1
Project("{9A19103F-16F7-4668-BE54-9A1E7A4F7556}") = "UserService", "UserService.csproj", "{2799AD6B-8FBE-4364-A1CE-77C3B12FDE62}"
EndProject
Project("{FAE04EC0-301F-11D3-BF4B-00C04F79EFBC}") = "ApiGatewayService", "..\ApiGatewayService\ApiGatewayService.csproj", "{8D683AD8-9147-4B0B-BCD5-2051D42970BE}"
EndProject
Global
	GlobalSection(SolutionConfigurationPlatforms) = preSolution
		Debug|Any CPU = Debug|Any CPU
		Release|Any CPU = Release|Any CPU
	EndGlobalSection
	GlobalSection(ProjectConfigurationPlatforms) = postSolution
		{2799AD6B-8FBE-4364-A1CE-77C3B12FDE62}.Debug|Any CPU.ActiveCfg = Debug|Any CPU
		{2799AD6B-8FBE-4364-A1CE-77C3B12FDE62}.Debug|Any CPU.Build.0 = Debug|Any CPU
		{2799AD6B-8FBE-4364-A1CE-77C3B12FDE62}.Release|Any CPU.ActiveCfg = Release|Any CPU
		{2799AD6B-8FBE-4364-A1CE-77C3B12FDE62}.Release|Any CPU.Build.0 = Release|Any CPU
		{8D683AD8-9147-4B0B-BCD5-2051D42970BE}.Debug|Any CPU.ActiveCfg = Debug|Any CPU
		{8D683AD8-9147-4B0B-BCD5-2051D42970BE}.Debug|Any CPU.Build.0 = Debug|Any CPU
		{8D683AD8-9147-4B0B-BCD5-2051D42970BE}.Release|Any CPU.ActiveCfg = Release|Any CPU
		{8D683AD8-9147-4B0B-BCD5-2051D42970BE}.Release|Any CPU.Build.0 = Release|Any CPU
	EndGlobalSection
	GlobalSection(SolutionProperties) = preSolution
		HideSolutionNode = FALSE
	EndGlobalSection
	GlobalSection(ExtensibilityGlobals) = postSolution
		SolutionGuid = {4BD455B3-12F2-4E1B-B59F-EACE72285632}
	EndGlobalSection
EndGlobal
