
Microsoft Visual Studio Solution File, Format Version 12.00
# Visual Studio Version 17
VisualStudioVersion = 17.5.002.0
MinimumVisualStudioVersion = 10.0.40219.1
Project("{9A19103F-16F7-4668-BE54-9A1E7A4F7556}") = "AuthService", "AuthService.csproj", "{FF36606C-C3B2-49CD-80FE-DCFD18E1F87C}"
EndProject
Project("{FAE04EC0-301F-11D3-BF4B-00C04F79EFBC}") = "EntertaimentService", "..\EntertaimentService\EntertaimentService.csproj", "{231D97CB-46B9-4BB0-8BE0-0D8AD84E235A}"
EndProject
Global
	GlobalSection(SolutionConfigurationPlatforms) = preSolution
		Debug|Any CPU = Debug|Any CPU
		Release|Any CPU = Release|Any CPU
	EndGlobalSection
	GlobalSection(ProjectConfigurationPlatforms) = postSolution
		{FF36606C-C3B2-49CD-80FE-DCFD18E1F87C}.Debug|Any CPU.ActiveCfg = Debug|Any CPU
		{FF36606C-C3B2-49CD-80FE-DCFD18E1F87C}.Debug|Any CPU.Build.0 = Debug|Any CPU
		{FF36606C-C3B2-49CD-80FE-DCFD18E1F87C}.Release|Any CPU.ActiveCfg = Release|Any CPU
		{FF36606C-C3B2-49CD-80FE-DCFD18E1F87C}.Release|Any CPU.Build.0 = Release|Any CPU
		{231D97CB-46B9-4BB0-8BE0-0D8AD84E235A}.Debug|Any CPU.ActiveCfg = Debug|Any CPU
		{231D97CB-46B9-4BB0-8BE0-0D8AD84E235A}.Debug|Any CPU.Build.0 = Debug|Any CPU
		{231D97CB-46B9-4BB0-8BE0-0D8AD84E235A}.Release|Any CPU.ActiveCfg = Release|Any CPU
		{231D97CB-46B9-4BB0-8BE0-0D8AD84E235A}.Release|Any CPU.Build.0 = Release|Any CPU
	EndGlobalSection
	GlobalSection(SolutionProperties) = preSolution
		HideSolutionNode = FALSE
	EndGlobalSection
	GlobalSection(ExtensibilityGlobals) = postSolution
		SolutionGuid = {F3D0C49C-6DC3-4AB0-8F13-A42B3DFD7ACC}
	EndGlobalSection
EndGlobal
